{
  "name": "nutjs",
  "lockfileVersion": 3,
  "requires": true,
  "packages": {
    "": {
      "name": "nutjs",
      "dependencies": {
        "nutjs": "file://../nut.js"
      }
    },
    "../libnut": {
      "name": "@nut-tree/libnut",
      "version": "4.2.0",
      "extraneous": true,
      "license": "Apache-2.0",
      "dependencies": {
        "@nut-tree/libnut-darwin": "file://../libnut-core/build/Release/libnut.node",
        "@nut-tree/libnut-linux": "file://../libnut-core/build/Release/libnut.node",
        "@nut-tree/libnut-win32": "file://../libnut-core/build/Release/libnut.node"
      },
      "devDependencies": {
        "@nut-tree/configs": "file://../configs",
        "@nut-tree/provider-interfaces": "file://../provider-interfaces",
        "@nut-tree/shared": "file://../shared"
      },
      "engines": {
        "node": ">=10.15.3"
      },
      "peerDependencies": {
        "@nut-tree/nut-js": "file://../nut.js"
      }
    },
    "../nut.js": {
      "name": "@nut-tree/nut-js",
      "version": "4.2.0",
      "cpu": [
        "x64",
        "arm64"
      ],
      "license": "Apache-2.0",
      "os": [
        "linux",
        "darwin",
        "win32"
      ],
      "dependencies": {
        "@nut-tree/default-clipboard-provider": "file://../clipboardy",
        "@nut-tree/libnut": "file://../libnut",
        "@nut-tree/provider-interfaces": "file://../provider-interfaces",
        "@nut-tree/shared": "file://../shared",
        "jimp": "0.22.10",
        "node-abort-controller": "3.1.1"
      },
      "devDependencies": {
        "@nut-tree/configs": "file://../configs"
      },
      "engines": {
        "node": ">=16"
      }
    },
    "../nutjs-core/nut.js": {
      "name": "@nut-tree/nut-js",
      "version": "4.2.0",
      "cpu": [
        "x64",
        "arm64"
      ],
      "extraneous": true,
      "license": "Apache-2.0",
      "os": [
        "linux",
        "darwin",
        "win32"
      ],
      "dependencies": {
        "@nut-tree/default-clipboard-provider": "file://../clipboardy",
        "@nut-tree/libnut": "file://../../libnut",
        "@nut-tree/provider-interfaces": "file://../provider-interfaces",
        "@nut-tree/shared": "file://../shared",
        "jimp": "0.22.10",
        "node-abort-controller": "3.1.1"
      },
      "devDependencies": {
        "@nut-tree/configs": "file://../configs"
      },
      "engines": {
        "node": ">=16"
      }
    },
    "node_modules/nutjs": {
      "resolved": "../nut.js",
      "link": true
    }
  }
}
