{
  "name": "@nut-tree/libnut",
  "version": "4.2.0",
  "lockfileVersion": 3,
  "requires": true,
  "packages": {
    "": {
      "name": "@nut-tree/libnut",
      "version": "4.2.0",
      "license": "Apache-2.0",
      "dependencies": {
        "@nut-tree/libnut-darwin": "file://../libnut-core",
        "@nut-tree/libnut-linux": "file://../libnut-core",
        "@nut-tree/libnut-win32": "file://../libnut-core"
      },
      "devDependencies": {
        "@nut-tree/configs": "file://../configs",
        "@nut-tree/provider-interfaces": "file://../provider-interfaces",
        "@nut-tree/shared": "file://../shared"
      },
      "engines": {
        "node": ">=10.15.3"
      },
      "peerDependencies": {
        "@nut-tree/nut-js": "file://../nut.js"
      }
    },
    "../../../../../../libnut-core/build/Release/libnut.node": {
      "extraneous": true
    },
    "../../../../../../nut.js/core/configs": {
      "extraneous": true
    },
    "../../../../../../nut.js/core/nut.js": {
      "extraneous": true
    },
    "../../../../../../nut.js/core/provider-interfaces": {
      "extraneous": true
    },
    "../../../../../../nut.js/core/shared": {
      "extraneous": true
    },
    "../../../nut.js/core/configs": {
      "extraneous": true
    },
    "../../../nut.js/core/nut.js": {
      "extraneous": true
    },
    "../../../nut.js/core/provider-interfaces": {
      "extraneous": true
    },
    "../../../nut.js/core/shared": {
      "extraneous": true
    },
    "../../file:/nut.js/core/provider-interfaces": {
      "extraneous": true
    },
    "../../nut.js/core/configs": {
      "extraneous": true
    },
    "../../nut.js/core/nut.js": {
      "extraneous": true
    },
    "../../nut.js/core/shared": {
      "extraneous": true
    },
    "../configs": {
      "name": "@nut-tree/configs",
      "version": "4.2.0",
      "dev": true
    },
    "../libnut-core": {
      "name": "libnut",
      "version": "2.7.1",
      "cpu": [
        "x64",
        "arm64"
      ],
      "license": "Apache-2.0",
      "os": [
        "darwin",
        "linux",
        "win32"
      ],
      "dependencies": {
        "bindings": "1.5.0"
      },
      "devDependencies": {
        "cmake-js": "7.3.0",
        "node-addon-api": "7.1.0"
      },
      "engines": {
        "node": ">=10.15.3"
      },
      "optionalDependencies": {
        "@nut-tree/node-mac-permissions": "2.2.1"
      }
    },
    "../libnut-core/build/Release/libnut.node": {
      "extraneous": true
    },
    "../nut.js": {
      "name": "@nut-tree/nut-js",
      "version": "4.2.0",
      "cpu": [
        "x64",
        "arm64"
      ],
      "license": "Apache-2.0",
      "os": [
        "linux",
        "darwin",
        "win32"
      ],
      "peer": true,
      "dependencies": {
        "@nut-tree/default-clipboard-provider": "file://../clipboardy",
        "@nut-tree/libnut": "file://../libnut",
        "@nut-tree/provider-interfaces": "file://../provider-interfaces",
        "@nut-tree/shared": "file://../shared",
        "jimp": "0.22.10",
        "node-abort-controller": "3.1.1"
      },
      "devDependencies": {
        "@nut-tree/configs": "file://../configs"
      },
      "engines": {
        "node": ">=16"
      }
    },
    "../nut.js/core/configs": {
      "name": "@nut-tree/configs",
      "version": "4.2.0",
      "extraneous": true
    },
    "../nut.js/core/nut.js": {
      "version": "4.2.0",
      "cpu": [
        "x64",
        "arm64"
      ],
      "extraneous": true,
      "license": "Apache-2.0",
      "os": [
        "linux",
        "darwin",
        "win32"
      ],
      "dependencies": {
        "@nut-tree/default-clipboard-provider": "workspace:*",
        "@nut-tree/libnut": "workspace:*",
        "@nut-tree/provider-interfaces": "workspace:*",
        "@nut-tree/shared": "workspace:*",
        "jimp": "0.22.10",
        "node-abort-controller": "3.1.1"
      },
      "devDependencies": {
        "@nut-tree/configs": "workspace:*"
      },
      "engines": {
        "node": ">=16"
      }
    },
    "../nut.js/core/provider-interfaces": {
      "version": "4.2.0",
      "extraneous": true,
      "license": "Apache-2.0",
      "dependencies": {
        "@nut-tree/shared": "workspace:*"
      },
      "devDependencies": {
        "@nut-tree/configs": "workspace:*"
      }
    },
    "../nut.js/core/shared": {
      "version": "4.2.0",
      "extraneous": true,
      "license": "Apache-2.0",
      "dependencies": {
        "jimp": "0.22.10",
        "node-abort-controller": "3.1.1"
      },
      "devDependencies": {
        "@nut-tree/configs": "workspace:*"
      }
    },
    "../nutjs-core/configs": {
      "version": "4.2.0",
      "extraneous": true
    },
    "../nutjs-core/nut.js": {
      "version": "4.2.0",
      "cpu": [
        "x64",
        "arm64"
      ],
      "extraneous": true,
      "license": "Apache-2.0",
      "os": [
        "linux",
        "darwin",
        "win32"
      ],
      "dependencies": {
        "@nut-tree/default-clipboard-provider": "workspace:*",
        "@nut-tree/libnut": "workspace:*",
        "@nut-tree/provider-interfaces": "workspace:*",
        "@nut-tree/shared": "workspace:*",
        "jimp": "0.22.10",
        "node-abort-controller": "3.1.1"
      },
      "devDependencies": {
        "@nut-tree/configs": "workspace:*"
      },
      "engines": {
        "node": ">=16"
      }
    },
    "../nutjs-core/provider-interfaces": {
      "version": "4.2.0",
      "extraneous": true,
      "license": "Apache-2.0",
      "dependencies": {
        "@nut-tree/shared": "file://../shared"
      },
      "devDependencies": {
        "@nut-tree/configs": "file://../configs"
      }
    },
    "../nutjs-core/shared": {
      "version": "4.2.0",
      "extraneous": true,
      "license": "Apache-2.0",
      "dependencies": {
        "jimp": "0.22.10",
        "node-abort-controller": "3.1.1"
      },
      "devDependencies": {
        "@nut-tree/configs": "file://../configs"
      }
    },
    "../provider-interfaces": {
      "name": "@nut-tree/provider-interfaces",
      "version": "4.2.0",
      "dev": true,
      "license": "Apache-2.0",
      "dependencies": {
        "@nut-tree/shared": "file://../shared"
      },
      "devDependencies": {
        "@nut-tree/configs": "file://../configs"
      }
    },
    "../shared": {
      "name": "@nut-tree/shared",
      "version": "4.2.0",
      "dev": true,
      "license": "Apache-2.0",
      "dependencies": {
        "jimp": "0.22.10",
        "node-abort-controller": "3.1.1"
      },
      "devDependencies": {
        "@nut-tree/configs": "file://../configs"
      }
    },
    "node_modules/@nut-tree/configs": {
      "resolved": "../configs",
      "link": true
    },
    "node_modules/@nut-tree/libnut-darwin": {
      "resolved": "../libnut-core",
      "link": true
    },
    "node_modules/@nut-tree/libnut-linux": {
      "resolved": "../libnut-core",
      "link": true
    },
    "node_modules/@nut-tree/libnut-win32": {
      "resolved": "../libnut-core",
      "link": true
    },
    "node_modules/@nut-tree/nut-js": {
      "resolved": "../nut.js",
      "link": true
    },
    "node_modules/@nut-tree/provider-interfaces": {
      "resolved": "../provider-interfaces",
      "link": true
    },
    "node_modules/@nut-tree/shared": {
      "resolved": "../shared",
      "link": true
    },
    "nut.js/core/configs": {
      "extraneous": true
    },
    "nut.js/core/nut.js": {
      "extraneous": true
    },
    "nut.js/core/provider-interfaces": {
      "extraneous": true
    },
    "nut.js/core/shared": {
      "extraneous": true
    }
  }
}
